
Microsoft Visual Studio Solution File, Format Version 12.00
# Visual Studio 15
VisualStudioVersion = 15.0.26124.0
MinimumVisualStudioVersion = 15.0.26124.0
Project("{9A19103F-16F7-4668-BE54-9A1E7A4F7556}") = "R5T.Maoursi.Dropbox.Construction", "R5T.Maoursi.Dropbox.Construction\R5T.Maoursi.Dropbox.Construction.csproj", "{3F263DEA-9EAD-4248-A1D8-B2444226D632}"
EndProject
Project("{9A19103F-16F7-4668-BE54-9A1E7A4F7556}") = "R5T.Maoursi.Dropbox", "R5T.Maoursi.Dropbox\R5T.Maoursi.Dropbox.csproj", "{40872A2A-6A8A-43A8-882A-C14184E9DC70}"
EndProject
Project("{9A19103F-16F7-4668-BE54-9A1E7A4F7556}") = "R5T.Maoursi.Dropbox.Testing", "R5T.Maoursi.Dropbox.Testing\R5T.Maoursi.Dropbox.Testing.csproj", "{FF1E8731-D0AA-4971-9D73-C72EDF134E5D}"
EndProject
Project("{2150E333-8FDC-42A3-9474-1A3956D46DE8}") = "_Dependencies", "_Dependencies", "{D48AB5B4-DF6A-4BBD-B381-BD63066669C8}"
EndProject
Project("{9A19103F-16F7-4668-BE54-9A1E7A4F7556}") = "R5T.Maoursi.Bulgaria", "..\..\R5T.Maoursi.Bulgaria\source\R5T.Maoursi.Bulgaria\R5T.Maoursi.Bulgaria.csproj", "{3F7234AA-C82D-4545-93AD-A63A1FD6B501}"
EndProject
Project("{9A19103F-16F7-4668-BE54-9A1E7A4F7556}") = "R5T.Bulgaria.UserProfileDirectory", "..\..\R5T.Bulgaria.UserProfileDirectory\source\R5T.Bulgaria.UserProfileDirectory\R5T.Bulgaria.UserProfileDirectory.csproj", "{0AD56FB6-C3B0-41E1-BBD6-365511C7E920}"
EndProject
Project("{9A19103F-16F7-4668-BE54-9A1E7A4F7556}") = "R5T.Kalamaria.Standard", "..\..\R5T.Kalamaria.Standard\source\R5T.Kalamaria.Standard\R5T.Kalamaria.Standard.csproj", "{BA7739CF-0870-49E0-9E9B-DA5F04E936AC}"
EndProject
Project("{9A19103F-16F7-4668-BE54-9A1E7A4F7556}") = "R5T.Lombardy.Standard", "..\..\R5T.Lombardy.Standard\source\R5T.Lombardy.Standard\R5T.Lombardy.Standard.csproj", "{B26FA224-7073-4908-B515-FCDC0C51EA0E}"
EndProject
Project("{9A19103F-16F7-4668-BE54-9A1E7A4F7556}") = "R5T.Bulgaria.Base", "..\..\R5T.Bulgaria.Base\source\R5T.Bulgaria.Base\R5T.Bulgaria.Base.csproj", "{C41E52D1-F68E-473E-8202-15685A8C4D5B}"
EndProject
Project("{9A19103F-16F7-4668-BE54-9A1E7A4F7556}") = "R5T.Kalamaria.Base", "..\..\R5T.Kalamaria.Base\source\R5T.Kalamaria.Base\R5T.Kalamaria.Base.csproj", "{ED5D6636-74AD-40F4-8EDA-FB46349B80CD}"
EndProject
Project("{9A19103F-16F7-4668-BE54-9A1E7A4F7556}") = "R5T.Lombardy.Base", "..\..\R5T.Lombardy.Base\source\R5T.Lombardy.Base\R5T.Lombardy.Base.csproj", "{F9A20E6B-FD11-481F-AE4A-507050789495}"
EndProject
Project("{9A19103F-16F7-4668-BE54-9A1E7A4F7556}") = "R5T.Maoursi.Base", "..\..\R5T.Maoursi.Base\source\R5T.Maoursi.Base\R5T.Maoursi.Base.csproj", "{1DF71C14-0802-44D3-A601-5A1F2161F8DC}"
EndProject
Project("{9A19103F-16F7-4668-BE54-9A1E7A4F7556}") = "R5T.Bulgaria.Visigothia", "..\..\R5T.Bulgaria.Visigothia\source\R5T.Bulgaria.Visigothia\R5T.Bulgaria.Visigothia.csproj", "{689F5518-6226-4C5E-B758-B7DC3F975593}"
EndProject
Project("{9A19103F-16F7-4668-BE54-9A1E7A4F7556}") = "R5T.Peristeria.Base", "..\..\R5T.Peristeria.Base\source\R5T.Peristeria.Base\R5T.Peristeria.Base.csproj", "{5AB0B58C-B0A3-41A3-AA94-C4DA2862B348}"
EndProject
Project("{9A19103F-16F7-4668-BE54-9A1E7A4F7556}") = "R5T.Visigothia.Base", "..\..\R5T.Visigothia.Base\source\R5T.Visigothia.Base\R5T.Visigothia.Base.csproj", "{92A34AD3-5D99-42F1-BC5A-DE210FA4E201}"
EndProject
Project("{9A19103F-16F7-4668-BE54-9A1E7A4F7556}") = "R5T.Dacia", "..\..\R5T.Dacia\source\R5T.Dacia\R5T.Dacia.csproj", "{DD3D3D92-0F6A-4FA5-81C4-D0D3999FB250}"
EndProject
Project("{9A19103F-16F7-4668-BE54-9A1E7A4F7556}") = "R5T.Lombardy", "..\..\R5T.Lombardy\source\R5T.Lombardy\R5T.Lombardy.csproj", "{8D98F6FB-6393-4696-9420-A755FCB38840}"
EndProject
Project("{9A19103F-16F7-4668-BE54-9A1E7A4F7556}") = "R5T.Cherusci", "..\..\R5T.Cherusci\source\R5T.Cherusci\R5T.Cherusci.csproj", "{B44A78B3-8A91-4756-B0C5-291CD7E96DCF}"
EndProject
Project("{9A19103F-16F7-4668-BE54-9A1E7A4F7556}") = "R5T.Magyar", "..\..\R5T.Magyar\source\R5T.Magyar\R5T.Magyar.csproj", "{ED3DB150-361B-4920-ACCD-B952ED25F8DD}"
EndProject
Project("{9A19103F-16F7-4668-BE54-9A1E7A4F7556}") = "R5T.Rugia", "..\..\R5T.Rugia\source\R5T.Rugia\R5T.Rugia.csproj", "{80CB110C-8CB5-4A3C-B21A-C4449C025B75}"
EndProject
Project("{9A19103F-16F7-4668-BE54-9A1E7A4F7556}") = "R5T.Rugia.Base", "..\..\R5T.Rugia.Base\source\R5T.Rugia.Base\R5T.Rugia.Base.csproj", "{97F964D3-6495-4A6E-851D-E5EF9DC72EC7}"
EndProject
Project("{9A19103F-16F7-4668-BE54-9A1E7A4F7556}") = "R5T.Peristeria.Standard", "..\..\R5T.Peristeria.Standard\source\R5T.Peristeria.Standard\R5T.Peristeria.Standard.csproj", "{43354731-CE0C-4371-9E29-00A49FF74585}"
EndProject
Project("{9A19103F-16F7-4668-BE54-9A1E7A4F7556}") = "R5T.Peristeria.Default", "..\..\R5T.Peristeria.Default\source\R5T.Peristeria.Default\R5T.Peristeria.Default.csproj", "{CA48E991-2141-4CBC-9F98-01E146722499}"
EndProject
Project("{9A19103F-16F7-4668-BE54-9A1E7A4F7556}") = "R5T.Visigothia.Standard", "..\..\R5T.Visigothia.Standard\source\R5T.Visigothia.Standard\R5T.Visigothia.Standard.csproj", "{2FF0C26F-CB0E-4BDB-AB50-D9A1E681D297}"
EndProject
Project("{9A19103F-16F7-4668-BE54-9A1E7A4F7556}") = "R5T.Visigothia.Local.Standard", "..\..\R5T.Visigothia.Local.Standard\source\R5T.Visigothia.Local.Standard\R5T.Visigothia.Local.Standard.csproj", "{D03191CE-1286-4753-9EE2-F43B25039E91}"
EndProject
Project("{9A19103F-16F7-4668-BE54-9A1E7A4F7556}") = "R5T.Visigothia.Local.Default", "..\..\R5T.Visigothia.Local.Default\source\R5T.Visigothia.Local.Default\R5T.Visigothia.Local.Default.csproj", "{E03DCCE6-E57F-40DF-AFF0-B3A966F46C75}"
EndProject
Project("{9A19103F-16F7-4668-BE54-9A1E7A4F7556}") = "R5T.Kalamaria.Default", "..\..\R5T.Kalamaria.Default\source\R5T.Kalamaria.Default\R5T.Kalamaria.Default.csproj", "{D7EC076D-096A-42FA-9C31-77310D04C00A}"
EndProject
Global
	GlobalSection(SolutionConfigurationPlatforms) = preSolution
		Debug|Any CPU = Debug|Any CPU
		Debug|x64 = Debug|x64
		Debug|x86 = Debug|x86
		Release|Any CPU = Release|Any CPU
		Release|x64 = Release|x64
		Release|x86 = Release|x86
	EndGlobalSection
	GlobalSection(ProjectConfigurationPlatforms) = postSolution
		{3F263DEA-9EAD-4248-A1D8-B2444226D632}.Debug|Any CPU.ActiveCfg = Debug|Any CPU
		{3F263DEA-9EAD-4248-A1D8-B2444226D632}.Debug|Any CPU.Build.0 = Debug|Any CPU
		{3F263DEA-9EAD-4248-A1D8-B2444226D632}.Debug|x64.ActiveCfg = Debug|Any CPU
		{3F263DEA-9EAD-4248-A1D8-B2444226D632}.Debug|x64.Build.0 = Debug|Any CPU
		{3F263DEA-9EAD-4248-A1D8-B2444226D632}.Debug|x86.ActiveCfg = Debug|Any CPU
		{3F263DEA-9EAD-4248-A1D8-B2444226D632}.Debug|x86.Build.0 = Debug|Any CPU
		{3F263DEA-9EAD-4248-A1D8-B2444226D632}.Release|Any CPU.ActiveCfg = Release|Any CPU
		{3F263DEA-9EAD-4248-A1D8-B2444226D632}.Release|Any CPU.Build.0 = Release|Any CPU
		{3F263DEA-9EAD-4248-A1D8-B2444226D632}.Release|x64.ActiveCfg = Release|Any CPU
		{3F263DEA-9EAD-4248-A1D8-B2444226D632}.Release|x64.Build.0 = Release|Any CPU
		{3F263DEA-9EAD-4248-A1D8-B2444226D632}.Release|x86.ActiveCfg = Release|Any CPU
		{3F263DEA-9EAD-4248-A1D8-B2444226D632}.Release|x86.Build.0 = Release|Any CPU
		{40872A2A-6A8A-43A8-882A-C14184E9DC70}.Debug|Any CPU.ActiveCfg = Debug|Any CPU
		{40872A2A-6A8A-43A8-882A-C14184E9DC70}.Debug|Any CPU.Build.0 = Debug|Any CPU
		{40872A2A-6A8A-43A8-882A-C14184E9DC70}.Debug|x64.ActiveCfg = Debug|Any CPU
		{40872A2A-6A8A-43A8-882A-C14184E9DC70}.Debug|x64.Build.0 = Debug|Any CPU
		{40872A2A-6A8A-43A8-882A-C14184E9DC70}.Debug|x86.ActiveCfg = Debug|Any CPU
		{40872A2A-6A8A-43A8-882A-C14184E9DC70}.Debug|x86.Build.0 = Debug|Any CPU
		{40872A2A-6A8A-43A8-882A-C14184E9DC70}.Release|Any CPU.ActiveCfg = Release|Any CPU
		{40872A2A-6A8A-43A8-882A-C14184E9DC70}.Release|Any CPU.Build.0 = Release|Any CPU
		{40872A2A-6A8A-43A8-882A-C14184E9DC70}.Release|x64.ActiveCfg = Release|Any CPU
		{40872A2A-6A8A-43A8-882A-C14184E9DC70}.Release|x64.Build.0 = Release|Any CPU
		{40872A2A-6A8A-43A8-882A-C14184E9DC70}.Release|x86.ActiveCfg = Release|Any CPU
		{40872A2A-6A8A-43A8-882A-C14184E9DC70}.Release|x86.Build.0 = Release|Any CPU
		{FF1E8731-D0AA-4971-9D73-C72EDF134E5D}.Debug|Any CPU.ActiveCfg = Debug|Any CPU
		{FF1E8731-D0AA-4971-9D73-C72EDF134E5D}.Debug|Any CPU.Build.0 = Debug|Any CPU
		{FF1E8731-D0AA-4971-9D73-C72EDF134E5D}.Debug|x64.ActiveCfg = Debug|Any CPU
		{FF1E8731-D0AA-4971-9D73-C72EDF134E5D}.Debug|x64.Build.0 = Debug|Any CPU
		{FF1E8731-D0AA-4971-9D73-C72EDF134E5D}.Debug|x86.ActiveCfg = Debug|Any CPU
		{FF1E8731-D0AA-4971-9D73-C72EDF134E5D}.Debug|x86.Build.0 = Debug|Any CPU
		{FF1E8731-D0AA-4971-9D73-C72EDF134E5D}.Release|Any CPU.ActiveCfg = Release|Any CPU
		{FF1E8731-D0AA-4971-9D73-C72EDF134E5D}.Release|Any CPU.Build.0 = Release|Any CPU
		{FF1E8731-D0AA-4971-9D73-C72EDF134E5D}.Release|x64.ActiveCfg = Release|Any CPU
		{FF1E8731-D0AA-4971-9D73-C72EDF134E5D}.Release|x64.Build.0 = Release|Any CPU
		{FF1E8731-D0AA-4971-9D73-C72EDF134E5D}.Release|x86.ActiveCfg = Release|Any CPU
		{FF1E8731-D0AA-4971-9D73-C72EDF134E5D}.Release|x86.Build.0 = Release|Any CPU
		{3F7234AA-C82D-4545-93AD-A63A1FD6B501}.Debug|Any CPU.ActiveCfg = Debug|Any CPU
		{3F7234AA-C82D-4545-93AD-A63A1FD6B501}.Debug|Any CPU.Build.0 = Debug|Any CPU
		{3F7234AA-C82D-4545-93AD-A63A1FD6B501}.Debug|x64.ActiveCfg = Debug|Any CPU
		{3F7234AA-C82D-4545-93AD-A63A1FD6B501}.Debug|x64.Build.0 = Debug|Any CPU
		{3F7234AA-C82D-4545-93AD-A63A1FD6B501}.Debug|x86.ActiveCfg = Debug|Any CPU
		{3F7234AA-C82D-4545-93AD-A63A1FD6B501}.Debug|x86.Build.0 = Debug|Any CPU
		{3F7234AA-C82D-4545-93AD-A63A1FD6B501}.Release|Any CPU.ActiveCfg = Release|Any CPU
		{3F7234AA-C82D-4545-93AD-A63A1FD6B501}.Release|Any CPU.Build.0 = Release|Any CPU
		{3F7234AA-C82D-4545-93AD-A63A1FD6B501}.Release|x64.ActiveCfg = Release|Any CPU
		{3F7234AA-C82D-4545-93AD-A63A1FD6B501}.Release|x64.Build.0 = Release|Any CPU
		{3F7234AA-C82D-4545-93AD-A63A1FD6B501}.Release|x86.ActiveCfg = Release|Any CPU
		{3F7234AA-C82D-4545-93AD-A63A1FD6B501}.Release|x86.Build.0 = Release|Any CPU
		{0AD56FB6-C3B0-41E1-BBD6-365511C7E920}.Debug|Any CPU.ActiveCfg = Debug|Any CPU
		{0AD56FB6-C3B0-41E1-BBD6-365511C7E920}.Debug|Any CPU.Build.0 = Debug|Any CPU
		{0AD56FB6-C3B0-41E1-BBD6-365511C7E920}.Debug|x64.ActiveCfg = Debug|Any CPU
		{0AD56FB6-C3B0-41E1-BBD6-365511C7E920}.Debug|x64.Build.0 = Debug|Any CPU
		{0AD56FB6-C3B0-41E1-BBD6-365511C7E920}.Debug|x86.ActiveCfg = Debug|Any CPU
		{0AD56FB6-C3B0-41E1-BBD6-365511C7E920}.Debug|x86.Build.0 = Debug|Any CPU
		{0AD56FB6-C3B0-41E1-BBD6-365511C7E920}.Release|Any CPU.ActiveCfg = Release|Any CPU
		{0AD56FB6-C3B0-41E1-BBD6-365511C7E920}.Release|Any CPU.Build.0 = Release|Any CPU
		{0AD56FB6-C3B0-41E1-BBD6-365511C7E920}.Release|x64.ActiveCfg = Release|Any CPU
		{0AD56FB6-C3B0-41E1-BBD6-365511C7E920}.Release|x64.Build.0 = Release|Any CPU
		{0AD56FB6-C3B0-41E1-BBD6-365511C7E920}.Release|x86.ActiveCfg = Release|Any CPU
		{0AD56FB6-C3B0-41E1-BBD6-365511C7E920}.Release|x86.Build.0 = Release|Any CPU
		{BA7739CF-0870-49E0-9E9B-DA5F04E936AC}.Debug|Any CPU.ActiveCfg = Debug|Any CPU
		{BA7739CF-0870-49E0-9E9B-DA5F04E936AC}.Debug|Any CPU.Build.0 = Debug|Any CPU
		{BA7739CF-0870-49E0-9E9B-DA5F04E936AC}.Debug|x64.ActiveCfg = Debug|Any CPU
		{BA7739CF-0870-49E0-9E9B-DA5F04E936AC}.Debug|x64.Build.0 = Debug|Any CPU
		{BA7739CF-0870-49E0-9E9B-DA5F04E936AC}.Debug|x86.ActiveCfg = Debug|Any CPU
		{BA7739CF-0870-49E0-9E9B-DA5F04E936AC}.Debug|x86.Build.0 = Debug|Any CPU
		{BA7739CF-0870-49E0-9E9B-DA5F04E936AC}.Release|Any CPU.ActiveCfg = Release|Any CPU
		{BA7739CF-0870-49E0-9E9B-DA5F04E936AC}.Release|Any CPU.Build.0 = Release|Any CPU
		{BA7739CF-0870-49E0-9E9B-DA5F04E936AC}.Release|x64.ActiveCfg = Release|Any CPU
		{BA7739CF-0870-49E0-9E9B-DA5F04E936AC}.Release|x64.Build.0 = Release|Any CPU
		{BA7739CF-0870-49E0-9E9B-DA5F04E936AC}.Release|x86.ActiveCfg = Release|Any CPU
		{BA7739CF-0870-49E0-9E9B-DA5F04E936AC}.Release|x86.Build.0 = Release|Any CPU
		{B26FA224-7073-4908-B515-FCDC0C51EA0E}.Debug|Any CPU.ActiveCfg = Debug|Any CPU
		{B26FA224-7073-4908-B515-FCDC0C51EA0E}.Debug|Any CPU.Build.0 = Debug|Any CPU
		{B26FA224-7073-4908-B515-FCDC0C51EA0E}.Debug|x64.ActiveCfg = Debug|Any CPU
		{B26FA224-7073-4908-B515-FCDC0C51EA0E}.Debug|x64.Build.0 = Debug|Any CPU
		{B26FA224-7073-4908-B515-FCDC0C51EA0E}.Debug|x86.ActiveCfg = Debug|Any CPU
		{B26FA224-7073-4908-B515-FCDC0C51EA0E}.Debug|x86.Build.0 = Debug|Any CPU
		{B26FA224-7073-4908-B515-FCDC0C51EA0E}.Release|Any CPU.ActiveCfg = Release|Any CPU
		{B26FA224-7073-4908-B515-FCDC0C51EA0E}.Release|Any CPU.Build.0 = Release|Any CPU
		{B26FA224-7073-4908-B515-FCDC0C51EA0E}.Release|x64.ActiveCfg = Release|Any CPU
		{B26FA224-7073-4908-B515-FCDC0C51EA0E}.Release|x64.Build.0 = Release|Any CPU
		{B26FA224-7073-4908-B515-FCDC0C51EA0E}.Release|x86.ActiveCfg = Release|Any CPU
		{B26FA224-7073-4908-B515-FCDC0C51EA0E}.Release|x86.Build.0 = Release|Any CPU
		{C41E52D1-F68E-473E-8202-15685A8C4D5B}.Debug|Any CPU.ActiveCfg = Debug|Any CPU
		{C41E52D1-F68E-473E-8202-15685A8C4D5B}.Debug|Any CPU.Build.0 = Debug|Any CPU
		{C41E52D1-F68E-473E-8202-15685A8C4D5B}.Debug|x64.ActiveCfg = Debug|Any CPU
		{C41E52D1-F68E-473E-8202-15685A8C4D5B}.Debug|x64.Build.0 = Debug|Any CPU
		{C41E52D1-F68E-473E-8202-15685A8C4D5B}.Debug|x86.ActiveCfg = Debug|Any CPU
		{C41E52D1-F68E-473E-8202-15685A8C4D5B}.Debug|x86.Build.0 = Debug|Any CPU
		{C41E52D1-F68E-473E-8202-15685A8C4D5B}.Release|Any CPU.ActiveCfg = Release|Any CPU
		{C41E52D1-F68E-473E-8202-15685A8C4D5B}.Release|Any CPU.Build.0 = Release|Any CPU
		{C41E52D1-F68E-473E-8202-15685A8C4D5B}.Release|x64.ActiveCfg = Release|Any CPU
		{C41E52D1-F68E-473E-8202-15685A8C4D5B}.Release|x64.Build.0 = Release|Any CPU
		{C41E52D1-F68E-473E-8202-15685A8C4D5B}.Release|x86.ActiveCfg = Release|Any CPU
		{C41E52D1-F68E-473E-8202-15685A8C4D5B}.Release|x86.Build.0 = Release|Any CPU
		{ED5D6636-74AD-40F4-8EDA-FB46349B80CD}.Debug|Any CPU.ActiveCfg = Debug|Any CPU
		{ED5D6636-74AD-40F4-8EDA-FB46349B80CD}.Debug|Any CPU.Build.0 = Debug|Any CPU
		{ED5D6636-74AD-40F4-8EDA-FB46349B80CD}.Debug|x64.ActiveCfg = Debug|Any CPU
		{ED5D6636-74AD-40F4-8EDA-FB46349B80CD}.Debug|x64.Build.0 = Debug|Any CPU
		{ED5D6636-74AD-40F4-8EDA-FB46349B80CD}.Debug|x86.ActiveCfg = Debug|Any CPU
		{ED5D6636-74AD-40F4-8EDA-FB46349B80CD}.Debug|x86.Build.0 = Debug|Any CPU
		{ED5D6636-74AD-40F4-8EDA-FB46349B80CD}.Release|Any CPU.ActiveCfg = Release|Any CPU
		{ED5D6636-74AD-40F4-8EDA-FB46349B80CD}.Release|Any CPU.Build.0 = Release|Any CPU
		{ED5D6636-74AD-40F4-8EDA-FB46349B80CD}.Release|x64.ActiveCfg = Release|Any CPU
		{ED5D6636-74AD-40F4-8EDA-FB46349B80CD}.Release|x64.Build.0 = Release|Any CPU
		{ED5D6636-74AD-40F4-8EDA-FB46349B80CD}.Release|x86.ActiveCfg = Release|Any CPU
		{ED5D6636-74AD-40F4-8EDA-FB46349B80CD}.Release|x86.Build.0 = Release|Any CPU
		{F9A20E6B-FD11-481F-AE4A-507050789495}.Debug|Any CPU.ActiveCfg = Debug|Any CPU
		{F9A20E6B-FD11-481F-AE4A-507050789495}.Debug|Any CPU.Build.0 = Debug|Any CPU
		{F9A20E6B-FD11-481F-AE4A-507050789495}.Debug|x64.ActiveCfg = Debug|Any CPU
		{F9A20E6B-FD11-481F-AE4A-507050789495}.Debug|x64.Build.0 = Debug|Any CPU
		{F9A20E6B-FD11-481F-AE4A-507050789495}.Debug|x86.ActiveCfg = Debug|Any CPU
		{F9A20E6B-FD11-481F-AE4A-507050789495}.Debug|x86.Build.0 = Debug|Any CPU
		{F9A20E6B-FD11-481F-AE4A-507050789495}.Release|Any CPU.ActiveCfg = Release|Any CPU
		{F9A20E6B-FD11-481F-AE4A-507050789495}.Release|Any CPU.Build.0 = Release|Any CPU
		{F9A20E6B-FD11-481F-AE4A-507050789495}.Release|x64.ActiveCfg = Release|Any CPU
		{F9A20E6B-FD11-481F-AE4A-507050789495}.Release|x64.Build.0 = Release|Any CPU
		{F9A20E6B-FD11-481F-AE4A-507050789495}.Release|x86.ActiveCfg = Release|Any CPU
		{F9A20E6B-FD11-481F-AE4A-507050789495}.Release|x86.Build.0 = Release|Any CPU
		{1DF71C14-0802-44D3-A601-5A1F2161F8DC}.Debug|Any CPU.ActiveCfg = Debug|Any CPU
		{1DF71C14-0802-44D3-A601-5A1F2161F8DC}.Debug|Any CPU.Build.0 = Debug|Any CPU
		{1DF71C14-0802-44D3-A601-5A1F2161F8DC}.Debug|x64.ActiveCfg = Debug|Any CPU
		{1DF71C14-0802-44D3-A601-5A1F2161F8DC}.Debug|x64.Build.0 = Debug|Any CPU
		{1DF71C14-0802-44D3-A601-5A1F2161F8DC}.Debug|x86.ActiveCfg = Debug|Any CPU
		{1DF71C14-0802-44D3-A601-5A1F2161F8DC}.Debug|x86.Build.0 = Debug|Any CPU
		{1DF71C14-0802-44D3-A601-5A1F2161F8DC}.Release|Any CPU.ActiveCfg = Release|Any CPU
		{1DF71C14-0802-44D3-A601-5A1F2161F8DC}.Release|Any CPU.Build.0 = Release|Any CPU
		{1DF71C14-0802-44D3-A601-5A1F2161F8DC}.Release|x64.ActiveCfg = Release|Any CPU
		{1DF71C14-0802-44D3-A601-5A1F2161F8DC}.Release|x64.Build.0 = Release|Any CPU
		{1DF71C14-0802-44D3-A601-5A1F2161F8DC}.Release|x86.ActiveCfg = Release|Any CPU
		{1DF71C14-0802-44D3-A601-5A1F2161F8DC}.Release|x86.Build.0 = Release|Any CPU
		{689F5518-6226-4C5E-B758-B7DC3F975593}.Debug|Any CPU.ActiveCfg = Debug|Any CPU
		{689F5518-6226-4C5E-B758-B7DC3F975593}.Debug|Any CPU.Build.0 = Debug|Any CPU
		{689F5518-6226-4C5E-B758-B7DC3F975593}.Debug|x64.ActiveCfg = Debug|Any CPU
		{689F5518-6226-4C5E-B758-B7DC3F975593}.Debug|x64.Build.0 = Debug|Any CPU
		{689F5518-6226-4C5E-B758-B7DC3F975593}.Debug|x86.ActiveCfg = Debug|Any CPU
		{689F5518-6226-4C5E-B758-B7DC3F975593}.Debug|x86.Build.0 = Debug|Any CPU
		{689F5518-6226-4C5E-B758-B7DC3F975593}.Release|Any CPU.ActiveCfg = Release|Any CPU
		{689F5518-6226-4C5E-B758-B7DC3F975593}.Release|Any CPU.Build.0 = Release|Any CPU
		{689F5518-6226-4C5E-B758-B7DC3F975593}.Release|x64.ActiveCfg = Release|Any CPU
		{689F5518-6226-4C5E-B758-B7DC3F975593}.Release|x64.Build.0 = Release|Any CPU
		{689F5518-6226-4C5E-B758-B7DC3F975593}.Release|x86.ActiveCfg = Release|Any CPU
		{689F5518-6226-4C5E-B758-B7DC3F975593}.Release|x86.Build.0 = Release|Any CPU
		{5AB0B58C-B0A3-41A3-AA94-C4DA2862B348}.Debug|Any CPU.ActiveCfg = Debug|Any CPU
		{5AB0B58C-B0A3-41A3-AA94-C4DA2862B348}.Debug|Any CPU.Build.0 = Debug|Any CPU
		{5AB0B58C-B0A3-41A3-AA94-C4DA2862B348}.Debug|x64.ActiveCfg = Debug|Any CPU
		{5AB0B58C-B0A3-41A3-AA94-C4DA2862B348}.Debug|x64.Build.0 = Debug|Any CPU
		{5AB0B58C-B0A3-41A3-AA94-C4DA2862B348}.Debug|x86.ActiveCfg = Debug|Any CPU
		{5AB0B58C-B0A3-41A3-AA94-C4DA2862B348}.Debug|x86.Build.0 = Debug|Any CPU
		{5AB0B58C-B0A3-41A3-AA94-C4DA2862B348}.Release|Any CPU.ActiveCfg = Release|Any CPU
		{5AB0B58C-B0A3-41A3-AA94-C4DA2862B348}.Release|Any CPU.Build.0 = Release|Any CPU
		{5AB0B58C-B0A3-41A3-AA94-C4DA2862B348}.Release|x64.ActiveCfg = Release|Any CPU
		{5AB0B58C-B0A3-41A3-AA94-C4DA2862B348}.Release|x64.Build.0 = Release|Any CPU
		{5AB0B58C-B0A3-41A3-AA94-C4DA2862B348}.Release|x86.ActiveCfg = Release|Any CPU
		{5AB0B58C-B0A3-41A3-AA94-C4DA2862B348}.Release|x86.Build.0 = Release|Any CPU
		{92A34AD3-5D99-42F1-BC5A-DE210FA4E201}.Debug|Any CPU.ActiveCfg = Debug|Any CPU
		{92A34AD3-5D99-42F1-BC5A-DE210FA4E201}.Debug|Any CPU.Build.0 = Debug|Any CPU
		{92A34AD3-5D99-42F1-BC5A-DE210FA4E201}.Debug|x64.ActiveCfg = Debug|Any CPU
		{92A34AD3-5D99-42F1-BC5A-DE210FA4E201}.Debug|x64.Build.0 = Debug|Any CPU
		{92A34AD3-5D99-42F1-BC5A-DE210FA4E201}.Debug|x86.ActiveCfg = Debug|Any CPU
		{92A34AD3-5D99-42F1-BC5A-DE210FA4E201}.Debug|x86.Build.0 = Debug|Any CPU
		{92A34AD3-5D99-42F1-BC5A-DE210FA4E201}.Release|Any CPU.ActiveCfg = Release|Any CPU
		{92A34AD3-5D99-42F1-BC5A-DE210FA4E201}.Release|Any CPU.Build.0 = Release|Any CPU
		{92A34AD3-5D99-42F1-BC5A-DE210FA4E201}.Release|x64.ActiveCfg = Release|Any CPU
		{92A34AD3-5D99-42F1-BC5A-DE210FA4E201}.Release|x64.Build.0 = Release|Any CPU
		{92A34AD3-5D99-42F1-BC5A-DE210FA4E201}.Release|x86.ActiveCfg = Release|Any CPU
		{92A34AD3-5D99-42F1-BC5A-DE210FA4E201}.Release|x86.Build.0 = Release|Any CPU
		{DD3D3D92-0F6A-4FA5-81C4-D0D3999FB250}.Debug|Any CPU.ActiveCfg = Debug|Any CPU
		{DD3D3D92-0F6A-4FA5-81C4-D0D3999FB250}.Debug|Any CPU.Build.0 = Debug|Any CPU
		{DD3D3D92-0F6A-4FA5-81C4-D0D3999FB250}.Debug|x64.ActiveCfg = Debug|Any CPU
		{DD3D3D92-0F6A-4FA5-81C4-D0D3999FB250}.Debug|x64.Build.0 = Debug|Any CPU
		{DD3D3D92-0F6A-4FA5-81C4-D0D3999FB250}.Debug|x86.ActiveCfg = Debug|Any CPU
		{DD3D3D92-0F6A-4FA5-81C4-D0D3999FB250}.Debug|x86.Build.0 = Debug|Any CPU
		{DD3D3D92-0F6A-4FA5-81C4-D0D3999FB250}.Release|Any CPU.ActiveCfg = Release|Any CPU
		{DD3D3D92-0F6A-4FA5-81C4-D0D3999FB250}.Release|Any CPU.Build.0 = Release|Any CPU
		{DD3D3D92-0F6A-4FA5-81C4-D0D3999FB250}.Release|x64.ActiveCfg = Release|Any CPU
		{DD3D3D92-0F6A-4FA5-81C4-D0D3999FB250}.Release|x64.Build.0 = Release|Any CPU
		{DD3D3D92-0F6A-4FA5-81C4-D0D3999FB250}.Release|x86.ActiveCfg = Release|Any CPU
		{DD3D3D92-0F6A-4FA5-81C4-D0D3999FB250}.Release|x86.Build.0 = Release|Any CPU
		{8D98F6FB-6393-4696-9420-A755FCB38840}.Debug|Any CPU.ActiveCfg = Debug|Any CPU
		{8D98F6FB-6393-4696-9420-A755FCB38840}.Debug|Any CPU.Build.0 = Debug|Any CPU
		{8D98F6FB-6393-4696-9420-A755FCB38840}.Debug|x64.ActiveCfg = Debug|Any CPU
		{8D98F6FB-6393-4696-9420-A755FCB38840}.Debug|x64.Build.0 = Debug|Any CPU
		{8D98F6FB-6393-4696-9420-A755FCB38840}.Debug|x86.ActiveCfg = Debug|Any CPU
		{8D98F6FB-6393-4696-9420-A755FCB38840}.Debug|x86.Build.0 = Debug|Any CPU
		{8D98F6FB-6393-4696-9420-A755FCB38840}.Release|Any CPU.ActiveCfg = Release|Any CPU
		{8D98F6FB-6393-4696-9420-A755FCB38840}.Release|Any CPU.Build.0 = Release|Any CPU
		{8D98F6FB-6393-4696-9420-A755FCB38840}.Release|x64.ActiveCfg = Release|Any CPU
		{8D98F6FB-6393-4696-9420-A755FCB38840}.Release|x64.Build.0 = Release|Any CPU
		{8D98F6FB-6393-4696-9420-A755FCB38840}.Release|x86.ActiveCfg = Release|Any CPU
		{8D98F6FB-6393-4696-9420-A755FCB38840}.Release|x86.Build.0 = Release|Any CPU
		{B44A78B3-8A91-4756-B0C5-291CD7E96DCF}.Debug|Any CPU.ActiveCfg = Debug|Any CPU
		{B44A78B3-8A91-4756-B0C5-291CD7E96DCF}.Debug|Any CPU.Build.0 = Debug|Any CPU
		{B44A78B3-8A91-4756-B0C5-291CD7E96DCF}.Debug|x64.ActiveCfg = Debug|Any CPU
		{B44A78B3-8A91-4756-B0C5-291CD7E96DCF}.Debug|x64.Build.0 = Debug|Any CPU
		{B44A78B3-8A91-4756-B0C5-291CD7E96DCF}.Debug|x86.ActiveCfg = Debug|Any CPU
		{B44A78B3-8A91-4756-B0C5-291CD7E96DCF}.Debug|x86.Build.0 = Debug|Any CPU
		{B44A78B3-8A91-4756-B0C5-291CD7E96DCF}.Release|Any CPU.ActiveCfg = Release|Any CPU
		{B44A78B3-8A91-4756-B0C5-291CD7E96DCF}.Release|Any CPU.Build.0 = Release|Any CPU
		{B44A78B3-8A91-4756-B0C5-291CD7E96DCF}.Release|x64.ActiveCfg = Release|Any CPU
		{B44A78B3-8A91-4756-B0C5-291CD7E96DCF}.Release|x64.Build.0 = Release|Any CPU
		{B44A78B3-8A91-4756-B0C5-291CD7E96DCF}.Release|x86.ActiveCfg = Release|Any CPU
		{B44A78B3-8A91-4756-B0C5-291CD7E96DCF}.Release|x86.Build.0 = Release|Any CPU
		{ED3DB150-361B-4920-ACCD-B952ED25F8DD}.Debug|Any CPU.ActiveCfg = Debug|Any CPU
		{ED3DB150-361B-4920-ACCD-B952ED25F8DD}.Debug|Any CPU.Build.0 = Debug|Any CPU
		{ED3DB150-361B-4920-ACCD-B952ED25F8DD}.Debug|x64.ActiveCfg = Debug|Any CPU
		{ED3DB150-361B-4920-ACCD-B952ED25F8DD}.Debug|x64.Build.0 = Debug|Any CPU
		{ED3DB150-361B-4920-ACCD-B952ED25F8DD}.Debug|x86.ActiveCfg = Debug|Any CPU
		{ED3DB150-361B-4920-ACCD-B952ED25F8DD}.Debug|x86.Build.0 = Debug|Any CPU
		{ED3DB150-361B-4920-ACCD-B952ED25F8DD}.Release|Any CPU.ActiveCfg = Release|Any CPU
		{ED3DB150-361B-4920-ACCD-B952ED25F8DD}.Release|Any CPU.Build.0 = Release|Any CPU
		{ED3DB150-361B-4920-ACCD-B952ED25F8DD}.Release|x64.ActiveCfg = Release|Any CPU
		{ED3DB150-361B-4920-ACCD-B952ED25F8DD}.Release|x64.Build.0 = Release|Any CPU
		{ED3DB150-361B-4920-ACCD-B952ED25F8DD}.Release|x86.ActiveCfg = Release|Any CPU
		{ED3DB150-361B-4920-ACCD-B952ED25F8DD}.Release|x86.Build.0 = Release|Any CPU
		{80CB110C-8CB5-4A3C-B21A-C4449C025B75}.Debug|Any CPU.ActiveCfg = Debug|Any CPU
		{80CB110C-8CB5-4A3C-B21A-C4449C025B75}.Debug|Any CPU.Build.0 = Debug|Any CPU
		{80CB110C-8CB5-4A3C-B21A-C4449C025B75}.Debug|x64.ActiveCfg = Debug|Any CPU
		{80CB110C-8CB5-4A3C-B21A-C4449C025B75}.Debug|x64.Build.0 = Debug|Any CPU
		{80CB110C-8CB5-4A3C-B21A-C4449C025B75}.Debug|x86.ActiveCfg = Debug|Any CPU
		{80CB110C-8CB5-4A3C-B21A-C4449C025B75}.Debug|x86.Build.0 = Debug|Any CPU
		{80CB110C-8CB5-4A3C-B21A-C4449C025B75}.Release|Any CPU.ActiveCfg = Release|Any CPU
		{80CB110C-8CB5-4A3C-B21A-C4449C025B75}.Release|Any CPU.Build.0 = Release|Any CPU
		{80CB110C-8CB5-4A3C-B21A-C4449C025B75}.Release|x64.ActiveCfg = Release|Any CPU
		{80CB110C-8CB5-4A3C-B21A-C4449C025B75}.Release|x64.Build.0 = Release|Any CPU
		{80CB110C-8CB5-4A3C-B21A-C4449C025B75}.Release|x86.ActiveCfg = Release|Any CPU
		{80CB110C-8CB5-4A3C-B21A-C4449C025B75}.Release|x86.Build.0 = Release|Any CPU
		{97F964D3-6495-4A6E-851D-E5EF9DC72EC7}.Debug|Any CPU.ActiveCfg = Debug|Any CPU
		{97F964D3-6495-4A6E-851D-E5EF9DC72EC7}.Debug|Any CPU.Build.0 = Debug|Any CPU
		{97F964D3-6495-4A6E-851D-E5EF9DC72EC7}.Debug|x64.ActiveCfg = Debug|Any CPU
		{97F964D3-6495-4A6E-851D-E5EF9DC72EC7}.Debug|x64.Build.0 = Debug|Any CPU
		{97F964D3-6495-4A6E-851D-E5EF9DC72EC7}.Debug|x86.ActiveCfg = Debug|Any CPU
		{97F964D3-6495-4A6E-851D-E5EF9DC72EC7}.Debug|x86.Build.0 = Debug|Any CPU
		{97F964D3-6495-4A6E-851D-E5EF9DC72EC7}.Release|Any CPU.ActiveCfg = Release|Any CPU
		{97F964D3-6495-4A6E-851D-E5EF9DC72EC7}.Release|Any CPU.Build.0 = Release|Any CPU
		{97F964D3-6495-4A6E-851D-E5EF9DC72EC7}.Release|x64.ActiveCfg = Release|Any CPU
		{97F964D3-6495-4A6E-851D-E5EF9DC72EC7}.Release|x64.Build.0 = Release|Any CPU
		{97F964D3-6495-4A6E-851D-E5EF9DC72EC7}.Release|x86.ActiveCfg = Release|Any CPU
		{97F964D3-6495-4A6E-851D-E5EF9DC72EC7}.Release|x86.Build.0 = Release|Any CPU
		{43354731-CE0C-4371-9E29-00A49FF74585}.Debug|Any CPU.ActiveCfg = Debug|Any CPU
		{43354731-CE0C-4371-9E29-00A49FF74585}.Debug|Any CPU.Build.0 = Debug|Any CPU
		{43354731-CE0C-4371-9E29-00A49FF74585}.Debug|x64.ActiveCfg = Debug|Any CPU
		{43354731-CE0C-4371-9E29-00A49FF74585}.Debug|x64.Build.0 = Debug|Any CPU
		{43354731-CE0C-4371-9E29-00A49FF74585}.Debug|x86.ActiveCfg = Debug|Any CPU
		{43354731-CE0C-4371-9E29-00A49FF74585}.Debug|x86.Build.0 = Debug|Any CPU
		{43354731-CE0C-4371-9E29-00A49FF74585}.Release|Any CPU.ActiveCfg = Release|Any CPU
		{43354731-CE0C-4371-9E29-00A49FF74585}.Release|Any CPU.Build.0 = Release|Any CPU
		{43354731-CE0C-4371-9E29-00A49FF74585}.Release|x64.ActiveCfg = Release|Any CPU
		{43354731-CE0C-4371-9E29-00A49FF74585}.Release|x64.Build.0 = Release|Any CPU
		{43354731-CE0C-4371-9E29-00A49FF74585}.Release|x86.ActiveCfg = Release|Any CPU
		{43354731-CE0C-4371-9E29-00A49FF74585}.Release|x86.Build.0 = Release|Any CPU
		{CA48E991-2141-4CBC-9F98-01E146722499}.Debug|Any CPU.ActiveCfg = Debug|Any CPU
		{CA48E991-2141-4CBC-9F98-01E146722499}.Debug|Any CPU.Build.0 = Debug|Any CPU
		{CA48E991-2141-4CBC-9F98-01E146722499}.Debug|x64.ActiveCfg = Debug|Any CPU
		{CA48E991-2141-4CBC-9F98-01E146722499}.Debug|x64.Build.0 = Debug|Any CPU
		{CA48E991-2141-4CBC-9F98-01E146722499}.Debug|x86.ActiveCfg = Debug|Any CPU
		{CA48E991-2141-4CBC-9F98-01E146722499}.Debug|x86.Build.0 = Debug|Any CPU
		{CA48E991-2141-4CBC-9F98-01E146722499}.Release|Any CPU.ActiveCfg = Release|Any CPU
		{CA48E991-2141-4CBC-9F98-01E146722499}.Release|Any CPU.Build.0 = Release|Any CPU
		{CA48E991-2141-4CBC-9F98-01E146722499}.Release|x64.ActiveCfg = Release|Any CPU
		{CA48E991-2141-4CBC-9F98-01E146722499}.Release|x64.Build.0 = Release|Any CPU
		{CA48E991-2141-4CBC-9F98-01E146722499}.Release|x86.ActiveCfg = Release|Any CPU
		{CA48E991-2141-4CBC-9F98-01E146722499}.Release|x86.Build.0 = Release|Any CPU
		{2FF0C26F-CB0E-4BDB-AB50-D9A1E681D297}.Debug|Any CPU.ActiveCfg = Debug|Any CPU
		{2FF0C26F-CB0E-4BDB-AB50-D9A1E681D297}.Debug|Any CPU.Build.0 = Debug|Any CPU
		{2FF0C26F-CB0E-4BDB-AB50-D9A1E681D297}.Debug|x64.ActiveCfg = Debug|Any CPU
		{2FF0C26F-CB0E-4BDB-AB50-D9A1E681D297}.Debug|x64.Build.0 = Debug|Any CPU
		{2FF0C26F-CB0E-4BDB-AB50-D9A1E681D297}.Debug|x86.ActiveCfg = Debug|Any CPU
		{2FF0C26F-CB0E-4BDB-AB50-D9A1E681D297}.Debug|x86.Build.0 = Debug|Any CPU
		{2FF0C26F-CB0E-4BDB-AB50-D9A1E681D297}.Release|Any CPU.ActiveCfg = Release|Any CPU
		{2FF0C26F-CB0E-4BDB-AB50-D9A1E681D297}.Release|Any CPU.Build.0 = Release|Any CPU
		{2FF0C26F-CB0E-4BDB-AB50-D9A1E681D297}.Release|x64.ActiveCfg = Release|Any CPU
		{2FF0C26F-CB0E-4BDB-AB50-D9A1E681D297}.Release|x64.Build.0 = Release|Any CPU
		{2FF0C26F-CB0E-4BDB-AB50-D9A1E681D297}.Release|x86.ActiveCfg = Release|Any CPU
		{2FF0C26F-CB0E-4BDB-AB50-D9A1E681D297}.Release|x86.Build.0 = Release|Any CPU
		{D03191CE-1286-4753-9EE2-F43B25039E91}.Debug|Any CPU.ActiveCfg = Debug|Any CPU
		{D03191CE-1286-4753-9EE2-F43B25039E91}.Debug|Any CPU.Build.0 = Debug|Any CPU
		{D03191CE-1286-4753-9EE2-F43B25039E91}.Debug|x64.ActiveCfg = Debug|Any CPU
		{D03191CE-1286-4753-9EE2-F43B25039E91}.Debug|x64.Build.0 = Debug|Any CPU
		{D03191CE-1286-4753-9EE2-F43B25039E91}.Debug|x86.ActiveCfg = Debug|Any CPU
		{D03191CE-1286-4753-9EE2-F43B25039E91}.Debug|x86.Build.0 = Debug|Any CPU
		{D03191CE-1286-4753-9EE2-F43B25039E91}.Release|Any CPU.ActiveCfg = Release|Any CPU
		{D03191CE-1286-4753-9EE2-F43B25039E91}.Release|Any CPU.Build.0 = Release|Any CPU
		{D03191CE-1286-4753-9EE2-F43B25039E91}.Release|x64.ActiveCfg = Release|Any CPU
		{D03191CE-1286-4753-9EE2-F43B25039E91}.Release|x64.Build.0 = Release|Any CPU
		{D03191CE-1286-4753-9EE2-F43B25039E91}.Release|x86.ActiveCfg = Release|Any CPU
		{D03191CE-1286-4753-9EE2-F43B25039E91}.Release|x86.Build.0 = Release|Any CPU
		{E03DCCE6-E57F-40DF-AFF0-B3A966F46C75}.Debug|Any CPU.ActiveCfg = Debug|Any CPU
		{E03DCCE6-E57F-40DF-AFF0-B3A966F46C75}.Debug|Any CPU.Build.0 = Debug|Any CPU
		{E03DCCE6-E57F-40DF-AFF0-B3A966F46C75}.Debug|x64.ActiveCfg = Debug|Any CPU
		{E03DCCE6-E57F-40DF-AFF0-B3A966F46C75}.Debug|x64.Build.0 = Debug|Any CPU
		{E03DCCE6-E57F-40DF-AFF0-B3A966F46C75}.Debug|x86.ActiveCfg = Debug|Any CPU
		{E03DCCE6-E57F-40DF-AFF0-B3A966F46C75}.Debug|x86.Build.0 = Debug|Any CPU
		{E03DCCE6-E57F-40DF-AFF0-B3A966F46C75}.Release|Any CPU.ActiveCfg = Release|Any CPU
		{E03DCCE6-E57F-40DF-AFF0-B3A966F46C75}.Release|Any CPU.Build.0 = Release|Any CPU
		{E03DCCE6-E57F-40DF-AFF0-B3A966F46C75}.Release|x64.ActiveCfg = Release|Any CPU
		{E03DCCE6-E57F-40DF-AFF0-B3A966F46C75}.Release|x64.Build.0 = Release|Any CPU
		{E03DCCE6-E57F-40DF-AFF0-B3A966F46C75}.Release|x86.ActiveCfg = Release|Any CPU
		{E03DCCE6-E57F-40DF-AFF0-B3A966F46C75}.Release|x86.Build.0 = Release|Any CPU
		{D7EC076D-096A-42FA-9C31-77310D04C00A}.Debug|Any CPU.ActiveCfg = Debug|Any CPU
		{D7EC076D-096A-42FA-9C31-77310D04C00A}.Debug|Any CPU.Build.0 = Debug|Any CPU
		{D7EC076D-096A-42FA-9C31-77310D04C00A}.Debug|x64.ActiveCfg = Debug|Any CPU
		{D7EC076D-096A-42FA-9C31-77310D04C00A}.Debug|x64.Build.0 = Debug|Any CPU
		{D7EC076D-096A-42FA-9C31-77310D04C00A}.Debug|x86.ActiveCfg = Debug|Any CPU
		{D7EC076D-096A-42FA-9C31-77310D04C00A}.Debug|x86.Build.0 = Debug|Any CPU
		{D7EC076D-096A-42FA-9C31-77310D04C00A}.Release|Any CPU.ActiveCfg = Release|Any CPU
		{D7EC076D-096A-42FA-9C31-77310D04C00A}.Release|Any CPU.Build.0 = Release|Any CPU
		{D7EC076D-096A-42FA-9C31-77310D04C00A}.Release|x64.ActiveCfg = Release|Any CPU
		{D7EC076D-096A-42FA-9C31-77310D04C00A}.Release|x64.Build.0 = Release|Any CPU
		{D7EC076D-096A-42FA-9C31-77310D04C00A}.Release|x86.ActiveCfg = Release|Any CPU
		{D7EC076D-096A-42FA-9C31-77310D04C00A}.Release|x86.Build.0 = Release|Any CPU
	EndGlobalSection
	GlobalSection(SolutionProperties) = preSolution
		HideSolutionNode = FALSE
	EndGlobalSection
	GlobalSection(NestedProjects) = preSolution
		{3F7234AA-C82D-4545-93AD-A63A1FD6B501} = {D48AB5B4-DF6A-4BBD-B381-BD63066669C8}
		{0AD56FB6-C3B0-41E1-BBD6-365511C7E920} = {D48AB5B4-DF6A-4BBD-B381-BD63066669C8}
		{BA7739CF-0870-49E0-9E9B-DA5F04E936AC} = {D48AB5B4-DF6A-4BBD-B381-BD63066669C8}
		{B26FA224-7073-4908-B515-FCDC0C51EA0E} = {D48AB5B4-DF6A-4BBD-B381-BD63066669C8}
		{C41E52D1-F68E-473E-8202-15685A8C4D5B} = {D48AB5B4-DF6A-4BBD-B381-BD63066669C8}
		{ED5D6636-74AD-40F4-8EDA-FB46349B80CD} = {D48AB5B4-DF6A-4BBD-B381-BD63066669C8}
		{F9A20E6B-FD11-481F-AE4A-507050789495} = {D48AB5B4-DF6A-4BBD-B381-BD63066669C8}
		{1DF71C14-0802-44D3-A601-5A1F2161F8DC} = {D48AB5B4-DF6A-4BBD-B381-BD63066669C8}
		{689F5518-6226-4C5E-B758-B7DC3F975593} = {D48AB5B4-DF6A-4BBD-B381-BD63066669C8}
		{5AB0B58C-B0A3-41A3-AA94-C4DA2862B348} = {D48AB5B4-DF6A-4BBD-B381-BD63066669C8}
		{92A34AD3-5D99-42F1-BC5A-DE210FA4E201} = {D48AB5B4-DF6A-4BBD-B381-BD63066669C8}
		{DD3D3D92-0F6A-4FA5-81C4-D0D3999FB250} = {D48AB5B4-DF6A-4BBD-B381-BD63066669C8}
		{8D98F6FB-6393-4696-9420-A755FCB38840} = {D48AB5B4-DF6A-4BBD-B381-BD63066669C8}
		{B44A78B3-8A91-4756-B0C5-291CD7E96DCF} = {D48AB5B4-DF6A-4BBD-B381-BD63066669C8}
		{ED3DB150-361B-4920-ACCD-B952ED25F8DD} = {D48AB5B4-DF6A-4BBD-B381-BD63066669C8}
		{80CB110C-8CB5-4A3C-B21A-C4449C025B75} = {D48AB5B4-DF6A-4BBD-B381-BD63066669C8}
		{97F964D3-6495-4A6E-851D-E5EF9DC72EC7} = {D48AB5B4-DF6A-4BBD-B381-BD63066669C8}
		{43354731-CE0C-4371-9E29-00A49FF74585} = {D48AB5B4-DF6A-4BBD-B381-BD63066669C8}
		{CA48E991-2141-4CBC-9F98-01E146722499} = {D48AB5B4-DF6A-4BBD-B381-BD63066669C8}
		{2FF0C26F-CB0E-4BDB-AB50-D9A1E681D297} = {D48AB5B4-DF6A-4BBD-B381-BD63066669C8}
		{D03191CE-1286-4753-9EE2-F43B25039E91} = {D48AB5B4-DF6A-4BBD-B381-BD63066669C8}
		{E03DCCE6-E57F-40DF-AFF0-B3A966F46C75} = {D48AB5B4-DF6A-4BBD-B381-BD63066669C8}
		{D7EC076D-096A-42FA-9C31-77310D04C00A} = {D48AB5B4-DF6A-4BBD-B381-BD63066669C8}
	EndGlobalSection
	GlobalSection(ExtensibilityGlobals) = postSolution
		SolutionGuid = {71952894-396E-4E05-9F5D-CE1495243F72}
	EndGlobalSection
EndGlobal
